
Microsoft Visual Studio Solution File, Format Version 12.00
# Visual Studio Version 16
VisualStudioVersion = 16.0.30907.101
MinimumVisualStudioVersion = 10.0.40219.1
Project("{FAE04EC0-301F-11D3-BF4B-00C04F79EFBC}") = "XFInfiniteScroll.Android", "XFInfiniteScroll\XFInfiniteScroll.Android\XFInfiniteScroll.Android.csproj", "{5A5DCBCE-07FE-4CD7-A9F8-C25E5B88F265}"
EndProject
Project("{FAE04EC0-301F-11D3-BF4B-00C04F79EFBC}") = "XFInfiniteScroll.iOS", "XFInfiniteScroll\XFInfiniteScroll.iOS\XFInfiniteScroll.iOS.csproj", "{AD09BE7F-0057-4A53-8699-E44413EC8175}"
EndProject
Project("{FAE04EC0-301F-11D3-BF4B-00C04F79EFBC}") = "XFInfiniteScroll", "XFInfiniteScroll\XFInfiniteScroll\XFInfiniteScroll.csproj", "{346B6365-1F36-4F3D-8BD1-5BC408249CE4}"
EndProject
Global
	GlobalSection(SolutionConfigurationPlatforms) = preSolution
		Debug|Any CPU = Debug|Any CPU
		Debug|iPhone = Debug|iPhone
		Debug|iPhoneSimulator = Debug|iPhoneSimulator
		Release|Any CPU = Release|Any CPU
		Release|iPhone = Release|iPhone
		Release|iPhoneSimulator = Release|iPhoneSimulator
	EndGlobalSection
	GlobalSection(ProjectConfigurationPlatforms) = postSolution
		{5A5DCBCE-07FE-4CD7-A9F8-C25E5B88F265}.Debug|Any CPU.ActiveCfg = Debug|Any CPU
		{5A5DCBCE-07FE-4CD7-A9F8-C25E5B88F265}.Debug|Any CPU.Build.0 = Debug|Any CPU
		{5A5DCBCE-07FE-4CD7-A9F8-C25E5B88F265}.Debug|Any CPU.Deploy.0 = Debug|Any CPU
		{5A5DCBCE-07FE-4CD7-A9F8-C25E5B88F265}.Debug|iPhone.ActiveCfg = Debug|Any CPU
		{5A5DCBCE-07FE-4CD7-A9F8-C25E5B88F265}.Debug|iPhone.Build.0 = Debug|Any CPU
		{5A5DCBCE-07FE-4CD7-A9F8-C25E5B88F265}.Debug|iPhone.Deploy.0 = Debug|Any CPU
		{5A5DCBCE-07FE-4CD7-A9F8-C25E5B88F265}.Debug|iPhoneSimulator.ActiveCfg = Debug|Any CPU
		{5A5DCBCE-07FE-4CD7-A9F8-C25E5B88F265}.Debug|iPhoneSimulator.Build.0 = Debug|Any CPU
		{5A5DCBCE-07FE-4CD7-A9F8-C25E5B88F265}.Debug|iPhoneSimulator.Deploy.0 = Debug|Any CPU
		{5A5DCBCE-07FE-4CD7-A9F8-C25E5B88F265}.Release|Any CPU.ActiveCfg = Release|Any CPU
		{5A5DCBCE-07FE-4CD7-A9F8-C25E5B88F265}.Release|Any CPU.Build.0 = Release|Any CPU
		{5A5DCBCE-07FE-4CD7-A9F8-C25E5B88F265}.Release|Any CPU.Deploy.0 = Release|Any CPU
		{5A5DCBCE-07FE-4CD7-A9F8-C25E5B88F265}.Release|iPhone.ActiveCfg = Release|Any CPU
		{5A5DCBCE-07FE-4CD7-A9F8-C25E5B88F265}.Release|iPhone.Build.0 = Release|Any CPU
		{5A5DCBCE-07FE-4CD7-A9F8-C25E5B88F265}.Release|iPhone.Deploy.0 = Release|Any CPU
		{5A5DCBCE-07FE-4CD7-A9F8-C25E5B88F265}.Release|iPhoneSimulator.ActiveCfg = Release|Any CPU
		{5A5DCBCE-07FE-4CD7-A9F8-C25E5B88F265}.Release|iPhoneSimulator.Build.0 = Release|Any CPU
		{5A5DCBCE-07FE-4CD7-A9F8-C25E5B88F265}.Release|iPhoneSimulator.Deploy.0 = Release|Any CPU
		{AD09BE7F-0057-4A53-8699-E44413EC8175}.Debug|Any CPU.ActiveCfg = Debug|iPhone
		{AD09BE7F-0057-4A53-8699-E44413EC8175}.Debug|Any CPU.Build.0 = Debug|iPhone
		{AD09BE7F-0057-4A53-8699-E44413EC8175}.Debug|Any CPU.Deploy.0 = Debug|iPhone
		{AD09BE7F-0057-4A53-8699-E44413EC8175}.Debug|iPhone.ActiveCfg = Debug|iPhone
		{AD09BE7F-0057-4A53-8699-E44413EC8175}.Debug|iPhone.Build.0 = Debug|iPhone
		{AD09BE7F-0057-4A53-8699-E44413EC8175}.Debug|iPhone.Deploy.0 = Debug|iPhone
		{AD09BE7F-0057-4A53-8699-E44413EC8175}.Debug|iPhoneSimulator.ActiveCfg = Debug|iPhoneSimulator
		{AD09BE7F-0057-4A53-8699-E44413EC8175}.Debug|iPhoneSimulator.Build.0 = Debug|iPhoneSimulator
		{AD09BE7F-0057-4A53-8699-E44413EC8175}.Debug|iPhoneSimulator.Deploy.0 = Debug|iPhoneSimulator
		{AD09BE7F-0057-4A53-8699-E44413EC8175}.Release|Any CPU.ActiveCfg = Release|iPhoneSimulator
		{AD09BE7F-0057-4A53-8699-E44413EC8175}.Release|Any CPU.Build.0 = Release|iPhoneSimulator
		{AD09BE7F-0057-4A53-8699-E44413EC8175}.Release|Any CPU.Deploy.0 = Release|iPhoneSimulator
		{AD09BE7F-0057-4A53-8699-E44413EC8175}.Release|iPhone.ActiveCfg = Release|iPhone
		{AD09BE7F-0057-4A53-8699-E44413EC8175}.Release|iPhone.Build.0 = Release|iPhone
		{AD09BE7F-0057-4A53-8699-E44413EC8175}.Release|iPhone.Deploy.0 = Release|iPhone
		{AD09BE7F-0057-4A53-8699-E44413EC8175}.Release|iPhoneSimulator.ActiveCfg = Release|iPhoneSimulator
		{AD09BE7F-0057-4A53-8699-E44413EC8175}.Release|iPhoneSimulator.Build.0 = Release|iPhoneSimulator
		{AD09BE7F-0057-4A53-8699-E44413EC8175}.Release|iPhoneSimulator.Deploy.0 = Release|iPhoneSimulator
		{346B6365-1F36-4F3D-8BD1-5BC408249CE4}.Debug|Any CPU.ActiveCfg = Debug|Any CPU
		{346B6365-1F36-4F3D-8BD1-5BC408249CE4}.Debug|Any CPU.Build.0 = Debug|Any CPU
		{346B6365-1F36-4F3D-8BD1-5BC408249CE4}.Debug|Any CPU.Deploy.0 = Debug|Any CPU
		{346B6365-1F36-4F3D-8BD1-5BC408249CE4}.Debug|iPhone.ActiveCfg = Debug|Any CPU
		{346B6365-1F36-4F3D-8BD1-5BC408249CE4}.Debug|iPhone.Build.0 = Debug|Any CPU
		{346B6365-1F36-4F3D-8BD1-5BC408249CE4}.Debug|iPhone.Deploy.0 = Debug|Any CPU
		{346B6365-1F36-4F3D-8BD1-5BC408249CE4}.Debug|iPhoneSimulator.ActiveCfg = Debug|Any CPU
		{346B6365-1F36-4F3D-8BD1-5BC408249CE4}.Debug|iPhoneSimulator.Build.0 = Debug|Any CPU
		{346B6365-1F36-4F3D-8BD1-5BC408249CE4}.Debug|iPhoneSimulator.Deploy.0 = Debug|Any CPU
		{346B6365-1F36-4F3D-8BD1-5BC408249CE4}.Release|Any CPU.ActiveCfg = Release|Any CPU
		{346B6365-1F36-4F3D-8BD1-5BC408249CE4}.Release|Any CPU.Build.0 = Release|Any CPU
		{346B6365-1F36-4F3D-8BD1-5BC408249CE4}.Release|Any CPU.Deploy.0 = Release|Any CPU
		{346B6365-1F36-4F3D-8BD1-5BC408249CE4}.Release|iPhone.ActiveCfg = Release|Any CPU
		{346B6365-1F36-4F3D-8BD1-5BC408249CE4}.Release|iPhone.Build.0 = Release|Any CPU
		{346B6365-1F36-4F3D-8BD1-5BC408249CE4}.Release|iPhone.Deploy.0 = Release|Any CPU
		{346B6365-1F36-4F3D-8BD1-5BC408249CE4}.Release|iPhoneSimulator.ActiveCfg = Release|Any CPU
		{346B6365-1F36-4F3D-8BD1-5BC408249CE4}.Release|iPhoneSimulator.Build.0 = Release|Any CPU
		{346B6365-1F36-4F3D-8BD1-5BC408249CE4}.Release|iPhoneSimulator.Deploy.0 = Release|Any CPU
	EndGlobalSection
	GlobalSection(SolutionProperties) = preSolution
		HideSolutionNode = FALSE
	EndGlobalSection
	GlobalSection(ExtensibilityGlobals) = postSolution
		SolutionGuid = {52810648-9FB2-4776-BFDD-A1A2E76CE397}
	EndGlobalSection
EndGlobal
